// !$*UTF8*$!
{
	archiveVersion = 1;
	classes = {
	};
	objectVersion = 46;
	objects = {

/* Begin PBXBuildFile section */
		71F20B2E19B8753900827F79 /* Foundation.framework in Frameworks */ = {isa = PBXBuildFile; fileRef = 71F20B2D19B8753900827F79 /* Foundation.framework */; };
		71F20B3019B8753900827F79 /* CoreGraphics.framework in Frameworks */ = {isa = PBXBuildFile; fileRef = 71F20B2F19B8753900827F79 /* CoreGraphics.framework */; };
		71F20B3219B8753900827F79 /* UIKit.framework in Frameworks */ = {isa = PBXBuildFile; fileRef = 71F20B3119B8753900827F79 /* UIKit.framework */; };
		71F20B3819B8753900827F79 /* InfoPlist.strings in Resources */ = {isa = PBXBuildFile; fileRef = 71F20B3619B8753900827F79 /* InfoPlist.strings */; };
		71F20B3A19B8753900827F79 /* main.m in Sources */ = {isa = PBXBuildFile; fileRef = 71F20B3919B8753900827F79 /* main.m */; };
		71F20B3E19B8753900827F79 /* AppDelegate.m in Sources */ = {isa = PBXBuildFile; fileRef = 71F20B3D19B8753900827F79 /* AppDelegate.m */; };
		71F20B4019B8753900827F79 /* Images.xcassets in Resources */ = {isa = PBXBuildFile; fileRef = 71F20B3F19B8753900827F79 /* Images.xcassets */; };
		71F20B4719B8753900827F79 /* XCTest.framework in Frameworks */ = {isa = PBXBuildFile; fileRef = 71F20B4619B8753900827F79 /* XCTest.framework */; };
		71F20B4819B8753900827F79 /* Foundation.framework in Frameworks */ = {isa = PBXBuildFile; fileRef = 71F20B2D19B8753900827F79 /* Foundation.framework */; };
		71F20B4919B8753900827F79 /* UIKit.framework in Frameworks */ = {isa = PBXBuildFile; fileRef = 71F20B3119B8753900827F79 /* UIKit.framework */; };
		71F20B5119B8753900827F79 /* InfoPlist.strings in Resources */ = {isa = PBXBuildFile; fileRef = 71F20B4F19B8753900827F79 /* InfoPlist.strings */; };
		71F20B5319B8753900827F79 /* RemitSilverNotifyTests.m in Sources */ = {isa = PBXBuildFile; fileRef = 71F20B5219B8753900827F79 /* RemitSilverNotifyTests.m */; };
/* End PBXBuildFile section */

/* Begin PBXContainerItemProxy section */
		71F20B4A19B8753900827F79 /* PBXContainerItemProxy */ = {
			isa = PBXContainerItemProxy;
			containerPortal = 71F20B2219B8753900827F79 /* Project object */;
			proxyType = 1;
			remoteGlobalIDString = 71F20B2919B8753900827F79;
			remoteInfo = RemitSilverNotify;
		};
/* End PBXContainerItemProxy section */

/* Begin PBXFileReference section */
		71F20B2A19B8753900827F79 /* RemitSilverNotify.app */ = {isa = PBXFileReference; explicitFileType = wrapper.application; includeInIndex = 0; path = RemitSilverNotify.app; sourceTree = BUILT_PRODUCTS_DIR; };
		71F20B2D19B8753900827F79 /* Foundation.framework */ = {isa = PBXFileReference; lastKnownFileType = wrapper.framework; name = Foundation.framework; path = System/Library/Frameworks/Foundation.framework; sourceTree = SDKROOT; };
		71F20B2F19B8753900827F79 /* CoreGraphics.framework */ = {isa = PBXFileReference; lastKnownFileType = wrapper.framework; name = CoreGraphics.framework; path = System/Library/Frameworks/CoreGraphics.framework; sourceTree = SDKROOT; };
		71F20B3119B8753900827F79 /* UIKit.framework */ = {isa = PBXFileReference; lastKnownFileType = wrapper.framework; name = UIKit.framework; path = System/Library/Frameworks/UIKit.framework; sourceTree = SDKROOT; };
		71F20B3519B8753900827F79 /* RemitSilverNotify-Info.plist */ = {isa = PBXFileReference; lastKnownFileType = text.plist.xml; path = "RemitSilverNotify-Info.plist"; sourceTree = "<group>"; };
		71F20B3719B8753900827F79 /* en */ = {isa = PBXFileReference; lastKnownFileType = text.plist.strings; name = en; path = en.lproj/InfoPlist.strings; sourceTree = "<group>"; };
		71F20B3919B8753900827F79 /* main.m */ = {isa = PBXFileReference; lastKnownFileType = sourcecode.c.objc; path = main.m; sourceTree = "<group>"; };
		71F20B3B19B8753900827F79 /* RemitSilverNotify-Prefix.pch */ = {isa = PBXFileReference; lastKnownFileType = sourcecode.c.h; path = "RemitSilverNotify-Prefix.pch"; sourceTree = "<group>"; };
		71F20B3C19B8753900827F79 /* AppDelegate.h */ = {isa = PBXFileReference; lastKnownFileType = sourcecode.c.h; path = AppDelegate.h; sourceTree = "<group>"; };
		71F20B3D19B8753900827F79 /* AppDelegate.m */ = {isa = PBXFileReference; lastKnownFileType = sourcecode.c.objc; path = AppDelegate.m; sourceTree = "<group>"; };
		71F20B3F19B8753900827F79 /* Images.xcassets */ = {isa = PBXFileReference; lastKnownFileType = folder.assetcatalog; path = Images.xcassets; sourceTree = "<group>"; };
		71F20B4519B8753900827F79 /* RemitSilverNotifyTests.xctest */ = {isa = PBXFileReference; explicitFileType = wrapper.cfbundle; includeInIndex = 0; path = RemitSilverNotifyTests.xctest; sourceTree = BUILT_PRODUCTS_DIR; };
		71F20B4619B8753900827F79 /* XCTest.framework */ = {isa = PBXFileReference; lastKnownFileType = wrapper.framework; name = XCTest.framework; path = Library/Frameworks/XCTest.framework; sourceTree = DEVELOPER_DIR; };
		71F20B4E19B8753900827F79 /* RemitSilverNotifyTests-Info.plist */ = {isa = PBXFileReference; lastKnownFileType = text.plist.xml; path = "RemitSilverNotifyTests-Info.plist"; sourceTree = "<group>"; };
		71F20B5019B8753900827F79 /* en */ = {isa = PBXFileReference; lastKnownFileType = text.plist.strings; name = en; path = en.lproj/InfoPlist.strings; sourceTree = "<group>"; };
		71F20B5219B8753900827F79 /* RemitSilverNotifyTests.m */ = {isa = PBXFileReference; lastKnownFileType = sourcecode.c.objc; path = RemitSilverNotifyTests.m; sourceTree = "<group>"; };
/* End PBXFileReference section */

/* Begin PBXFrameworksBuildPhase section */
		71F20B2719B8753900827F79 /* Frameworks */ = {
			isa = PBXFrameworksBuildPhase;
			buildActionMask = 2147483647;
			files = (
				71F20B3019B8753900827F79 /* CoreGraphics.framework in Frameworks */,
				71F20B3219B8753900827F79 /* UIKit.framework in Frameworks */,
				71F20B2E19B8753900827F79 /* Foundation.framework in Frameworks */,
			);
			runOnlyForDeploymentPostprocessing = 0;
		};
		71F20B4219B8753900827F79 /* Frameworks */ = {
			isa = PBXFrameworksBuildPhase;
			buildActionMask = 2147483647;
			files = (
				71F20B4719B8753900827F79 /* XCTest.framework in Frameworks */,
				71F20B4919B8753900827F79 /* UIKit.framework in Frameworks */,
				71F20B4819B8753900827F79 /* Foundation.framework in Frameworks */,
			);
			runOnlyForDeploymentPostprocessing = 0;
		};
/* End PBXFrameworksBuildPhase section */

/* Begin PBXGroup section */
		71F20B2119B8753900827F79 = {
			isa = PBXGroup;
			children = (
				71F20B3319B8753900827F79 /* RemitSilverNotify */,
				71F20B4C19B8753900827F79 /* RemitSilverNotifyTests */,
				71F20B2C19B8753900827F79 /* Frameworks */,
				71F20B2B19B8753900827F79 /* Products */,
			);
			sourceTree = "<group>";
		};
		71F20B2B19B8753900827F79 /* Products */ = {
			isa = PBXGroup;
			children = (
				71F20B2A19B8753900827F79 /* RemitSilverNotify.app */,
				71F20B4519B8753900827F79 /* RemitSilverNotifyTests.xctest */,
			);
			name = Products;
			sourceTree = "<group>";
		};
		71F20B2C19B8753900827F79 /* Frameworks */ = {
			isa = PBXGroup;
			children = (
				71F20B2D19B8753900827F79 /* Foundation.framework */,
				71F20B2F19B8753900827F79 /* CoreGraphics.framework */,
				71F20B3119B8753900827F79 /* UIKit.framework */,
				71F20B4619B8753900827F79 /* XCTest.framework */,
			);
			name = Frameworks;
			sourceTree = "<group>";
		};
		71F20B3319B8753900827F79 /* RemitSilverNotify */ = {
			isa = PBXGroup;
			children = (
				71F20B3C19B8753900827F79 /* AppDelegate.h */,
				71F20B3D19B8753900827F79 /* AppDelegate.m */,
				71F20B3F19B8753900827F79 /* Images.xcassets */,
				71F20B3419B8753900827F79 /* Supporting Files */,
			);
			path = RemitSilverNotify;
			sourceTree = "<group>";
		};
		71F20B3419B8753900827F79 /* Supporting Files */ = {
			isa = PBXGroup;
			children = (
				71F20B3519B8753900827F79 /* RemitSilverNotify-Info.plist */,
				71F20B3619B8753900827F79 /* InfoPlist.strings */,
				71F20B3919B8753900827F79 /* main.m */,
				71F20B3B19B8753900827F79 /* RemitSilverNotify-Prefix.pch */,
			);
			name = "Supporting Files";
			sourceTree = "<group>";
		};
		71F20B4C19B8753900827F79 /* RemitSilverNotifyTests */ = {
			isa = PBXGroup;
			children = (
				71F20B5219B8753900827F79 /* RemitSilverNotifyTests.m */,
				71F20B4D19B8753900827F79 /* Supporting Files */,
			);
			path = RemitSilverNotifyTests;
			sourceTree = "<group>";
		};
		71F20B4D19B8753900827F79 /* Supporting Files */ = {
			isa = PBXGroup;
			children = (
				71F20B4E19B8753900827F79 /* RemitSilverNotifyTests-Info.plist */,
				71F20B4F19B8753900827F79 /* InfoPlist.strings */,
			);
			name = "Supporting Files";
			sourceTree = "<group>";
		};
/* End PBXGroup section */

/* Begin PBXNativeTarget section */
		71F20B2919B8753900827F79 /* RemitSilverNotify */ = {
			isa = PBXNativeTarget;
			buildConfigurationList = 71F20B5619B8753900827F79 /* Build configuration list for PBXNativeTarget "RemitSilverNotify" */;
			buildPhases = (
				71F20B2619B8753900827F79 /* Sources */,
				71F20B2719B8753900827F79 /* Frameworks */,
				71F20B2819B8753900827F79 /* Resources */,
			);
			buildRules = (
			);
			dependencies = (
			);
			name = RemitSilverNotify;
			productName = RemitSilverNotify;
			productReference = 71F20B2A19B8753900827F79 /* RemitSilverNotify.app */;
			productType = "com.apple.product-type.application";
		};
		71F20B4419B8753900827F79 /* RemitSilverNotifyTests */ = {
			isa = PBXNativeTarget;
			buildConfigurationList = 71F20B5919B8753900827F79 /* Build configuration list for PBXNativeTarget "RemitSilverNotifyTests" */;
			buildPhases = (
				71F20B4119B8753900827F79 /* Sources */,
				71F20B4219B8753900827F79 /* Frameworks */,
				71F20B4319B8753900827F79 /* Resources */,
			);
			buildRules = (
			);
			dependencies = (
				71F20B4B19B8753900827F79 /* PBXTargetDependency */,
			);
			name = RemitSilverNotifyTests;
			productName = RemitSilverNotifyTests;
			productReference = 71F20B4519B8753900827F79 /* RemitSilverNotifyTests.xctest */;
			productType = "com.apple.product-type.bundle.unit-test";
		};
/* End PBXNativeTarget section */

/* Begin PBXProject section */
		71F20B2219B8753900827F79 /* Project object */ = {
			isa = PBXProject;
			attributes = {
				LastUpgradeCheck = 0510;
				ORGANIZATIONNAME = iOS_Group;
				TargetAttributes = {
					71F20B4419B8753900827F79 = {
						TestTargetID = 71F20B2919B8753900827F79;
					};
				};
			};
			buildConfigurationList = 71F20B2519B8753900827F79 /* Build configuration list for PBXProject "RemitSilverNotify" */;
			compatibilityVersion = "Xcode 3.2";
			developmentRegion = English;
			hasScannedForEncodings = 0;
			knownRegions = (
				en,
			);
			mainGroup = 71F20B2119B8753900827F79;
			productRefGroup = 71F20B2B19B8753900827F79 /* Products */;
			projectDirPath = "";
			projectRoot = "";
			targets = (
				71F20B2919B8753900827F79 /* RemitSilverNotify */,
				71F20B4419B8753900827F79 /* RemitSilverNotifyTests */,
			);
		};
/* End PBXProject section */

/* Begin PBXResourcesBuildPhase section */
		71F20B2819B8753900827F79 /* Resources */ = {
			isa = PBXResourcesBuildPhase;
			buildActionMask = 2147483647;
			files = (
				71F20B3819B8753900827F79 /* InfoPlist.strings in Resources */,
				71F20B4019B8753900827F79 /* Images.xcassets in Resources */,
			);
			runOnlyForDeploymentPostprocessing = 0;
		};
		71F20B4319B8753900827F79 /* Resources */ = {
			isa = PBXResourcesBuildPhase;
			buildActionMask = 2147483647;
			files = (
				71F20B5119B8753900827F79 /* InfoPlist.strings in Resources */,
			);
			runOnlyForDeploymentPostprocessing = 0;
		};
/* End PBXResourcesBuildPhase section */

/* Begin PBXSourcesBuildPhase section */
		71F20B2619B8753900827F79 /* Sources */ = {
			isa = PBXSourcesBuildPhase;
			buildActionMask = 2147483647;
			files = (
				71F20B3E19B8753900827F79 /* AppDelegate.m in Sources */,
				71F20B3A19B8753900827F79 /* main.m in Sources */,
			);
			runOnlyForDeploymentPostprocessing = 0;
		};
		71F20B4119B8753900827F79 /* Sources */ = {
			isa = PBXSourcesBuildPhase;
			buildActionMask = 2147483647;
			files = (
				71F20B5319B8753900827F79 /* RemitSilverNotifyTests.m in Sources */,
			);
			runOnlyForDeploymentPostprocessing = 0;
		};
/* End PBXSourcesBuildPhase section */

/* Begin PBXTargetDependency section */
		71F20B4B19B8753900827F79 /* PBXTargetDependency */ = {
			isa = PBXTargetDependency;
			target = 71F20B2919B8753900827F79 /* RemitSilverNotify */;
			targetProxy = 71F20B4A19B8753900827F79 /* PBXContainerItemProxy */;
		};
/* End PBXTargetDependency section */

/* Begin PBXVariantGroup section */
		71F20B3619B8753900827F79 /* InfoPlist.strings */ = {
			isa = PBXVariantGroup;
			children = (
				71F20B3719B8753900827F79 /* en */,
			);
			name = InfoPlist.strings;
			sourceTree = "<group>";
		};
		71F20B4F19B8753900827F79 /* InfoPlist.strings */ = {
			isa = PBXVariantGroup;
			children = (
				71F20B5019B8753900827F79 /* en */,
			);
			name = InfoPlist.strings;
			sourceTree = "<group>";
		};
/* End PBXVariantGroup section */

/* Begin XCBuildConfiguration section */
		71F20B5419B8753900827F79 /* Debug */ = {
			isa = XCBuildConfiguration;
			buildSettings = {
				ALWAYS_SEARCH_USER_PATHS = NO;
				CLANG_CXX_LANGUAGE_STANDARD = "gnu++0x";
				CLANG_CXX_LIBRARY = "libc++";
				CLANG_ENABLE_MODULES = YES;
				CLANG_ENABLE_OBJC_ARC = YES;
				CLANG_WARN_BOOL_CONVERSION = YES;
				CLANG_WARN_CONSTANT_CONVERSION = YES;
				CLANG_WARN_DIRECT_OBJC_ISA_USAGE = YES_ERROR;
				CLANG_WARN_EMPTY_BODY = YES;
				CLANG_WARN_ENUM_CONVERSION = YES;
				CLANG_WARN_INT_CONVERSION = YES;
				CLANG_WARN_OBJC_ROOT_CLASS = YES_ERROR;
				CLANG_WARN__DUPLICATE_METHOD_MATCH = YES;
				"CODE_SIGN_IDENTITY[sdk=iphoneos*]" = "iPhone Developer";
				COPY_PHASE_STRIP = NO;
				GCC_C_LANGUAGE_STANDARD = gnu99;
				GCC_DYNAMIC_NO_PIC = NO;
				GCC_OPTIMIZATION_LEVEL = 0;
				GCC_PREPROCESSOR_DEFINITIONS = (
					"DEBUG=1",
					"$(inherited)",
				);
				GCC_SYMBOLS_PRIVATE_EXTERN = NO;
				GCC_WARN_64_TO_32_BIT_CONVERSION = YES;
				GCC_WARN_ABOUT_RETURN_TYPE = YES_ERROR;
				GCC_WARN_UNDECLARED_SELECTOR = YES;
				GCC_WARN_UNINITIALIZED_AUTOS = YES_AGGRESSIVE;
				GCC_WARN_UNUSED_FUNCTION = YES;
				GCC_WARN_UNUSED_VARIABLE = YES;
				IPHONEOS_DEPLOYMENT_TARGET = 7.1;
				ONLY_ACTIVE_ARCH = YES;
				SDKROOT = iphoneos;
			};
			name = Debug;
		};
		71F20B5519B8753900827F79 /* Release */ = {
			isa = XCBuildConfiguration;
			buildSettings = {
				ALWAYS_SEARCH_USER_PATHS = NO;
				CLANG_CXX_LANGUAGE_STANDARD = "gnu++0x";
				CLANG_CXX_LIBRARY = "libc++";
				CLANG_ENABLE_MODULES = YES;
				CLANG_ENABLE_OBJC_ARC = YES;
				CLANG_WARN_BOOL_CONVERSION = YES;
				CLANG_WARN_CONSTANT_CONVERSION = YES;
				CLANG_WARN_DIRECT_OBJC_ISA_USAGE = YES_ERROR;
				CLANG_WARN_EMPTY_BODY = YES;
				CLANG_WARN_ENUM_CONVERSION = YES;
				CLANG_WARN_INT_CONVERSION = YES;
				CLANG_WARN_OBJC_ROOT_CLASS = YES_ERROR;
				CLANG_WARN__DUPLICATE_METHOD_MATCH = YES;
				"CODE_SIGN_IDENTITY[sdk=iphoneos*]" = "iPhone Developer";
				COPY_PHASE_STRIP = YES;
				ENABLE_NS_ASSERTIONS = NO;
				GCC_C_LANGUAGE_STANDARD = gnu99;
				GCC_WARN_64_TO_32_BIT_CONVERSION = YES;
				GCC_WARN_ABOUT_RETURN_TYPE = YES_ERROR;
				GCC_WARN_UNDECLARED_SELECTOR = YES;
				GCC_WARN_UNINITIALIZED_AUTOS = YES_AGGRESSIVE;
				GCC_WARN_UNUSED_FUNCTION = YES;
				GCC_WARN_UNUSED_VARIABLE = YES;
				IPHONEOS_DEPLOYMENT_TARGET = 7.1;
				SDKROOT = iphoneos;
				VALIDATE_PRODUCT = YES;
			};
			name = Release;
		};
		71F20B5719B8753900827F79 /* Debug */ = {
			isa = XCBuildConfiguration;
			buildSettings = {
				ASSETCATALOG_COMPILER_APPICON_NAME = AppIcon;
				ASSETCATALOG_COMPILER_LAUNCHIMAGE_NAME = LaunchImage;
				GCC_PRECOMPILE_PREFIX_HEADER = YES;
				GCC_PREFIX_HEADER = "RemitSilverNotify/RemitSilverNotify-Prefix.pch";
				INFOPLIST_FILE = "RemitSilverNotify/RemitSilverNotify-Info.plist";
				PRODUCT_NAME = "$(TARGET_NAME)";
				WRAPPER_EXTENSION = app;
			};
			name = Debug;
		};
		71F20B5819B8753900827F79 /* Release */ = {
			isa = XCBuildConfiguration;
			buildSettings = {
				ASSETCATALOG_COMPILER_APPICON_NAME = AppIcon;
				ASSETCATALOG_COMPILER_LAUNCHIMAGE_NAME = LaunchImage;
				GCC_PRECOMPILE_PREFIX_HEADER = YES;
				GCC_PREFIX_HEADER = "RemitSilverNotify/RemitSilverNotify-Prefix.pch";
				INFOPLIST_FILE = "RemitSilverNotify/RemitSilverNotify-Info.plist";
				PRODUCT_NAME = "$(TARGET_NAME)";
				WRAPPER_EXTENSION = app;
			};
			name = Release;
		};
		71F20B5A19B8753900827F79 /* Debug */ = {
			isa = XCBuildConfiguration;
			buildSettings = {
				BUNDLE_LOADER = "$(BUILT_PRODUCTS_DIR)/RemitSilverNotify.app/RemitSilverNotify";
				FRAMEWORK_SEARCH_PATHS = (
					"$(SDKROOT)/Developer/Library/Frameworks",
					"$(inherited)",
					"$(DEVELOPER_FRAMEWORKS_DIR)",
				);
				GCC_PRECOMPILE_PREFIX_HEADER = YES;
				GCC_PREFIX_HEADER = "RemitSilverNotify/RemitSilverNotify-Prefix.pch";
				GCC_PREPROCESSOR_DEFINITIONS = (
					"DEBUG=1",
					"$(inherited)",
				);
				INFOPLIST_FILE = "RemitSilverNotifyTests/RemitSilverNotifyTests-Info.plist";
				PRODUCT_NAME = "$(TARGET_NAME)";
				TEST_HOST = "$(BUNDLE_LOADER)";
				WRAPPER_EXTENSION = xctest;
			};
			name = Debug;
		};
		71F20B5B19B8753900827F79 /* Release */ = {
			isa = XCBuildConfiguration;
			buildSettings = {
				BUNDLE_LOADER = "$(BUILT_PRODUCTS_DIR)/RemitSilverNotify.app/RemitSilverNotify";
				FRAMEWORK_SEARCH_PATHS = (
					"$(SDKROOT)/Developer/Library/Frameworks",
					"$(inherited)",
					"$(DEVELOPER_FRAMEWORKS_DIR)",
				);
				GCC_PRECOMPILE_PREFIX_HEADER = YES;
				GCC_PREFIX_HEADER = "RemitSilverNotify/RemitSilverNotify-Prefix.pch";
				INFOPLIST_FILE = "RemitSilverNotifyTests/RemitSilverNotifyTests-Info.plist";
				PRODUCT_NAME = "$(TARGET_NAME)";
				TEST_HOST = "$(BUNDLE_LOADER)";
				WRAPPER_EXTENSION = xctest;
			};
			name = Release;
		};
/* End XCBuildConfiguration section */

/* Begin XCConfigurationList section */
		71F20B2519B8753900827F79 /* Build configuration list for PBXProject "RemitSilverNotify" */ = {
			isa = XCConfigurationList;
			buildConfigurations = (
				71F20B5419B8753900827F79 /* Debug */,
				71F20B5519B8753900827F79 /* Release */,
			);
			defaultConfigurationIsVisible = 0;
			defaultConfigurationName = Release;
		};
		71F20B5619B8753900827F79 /* Build configuration list for PBXNativeTarget "RemitSilverNotify" */ = {
			isa = XCConfigurationList;
			buildConfigurations = (
				71F20B5719B8753900827F79 /* Debug */,
				71F20B5819B8753900827F79 /* Release */,
			);
			defaultConfigurationIsVisible = 0;
		};
		71F20B5919B8753900827F79 /* Build configuration list for PBXNativeTarget "RemitSilverNotifyTests" */ = {
			isa = XCConfigurationList;
			buildConfigurations = (
				71F20B5A19B8753900827F79 /* Debug */,
				71F20B5B19B8753900827F79 /* Release */,
			);
			defaultConfigurationIsVisible = 0;
		};
/* End XCConfigurationList section */
	};
	rootObject = 71F20B2219B8753900827F79 /* Project object */;
}
